<Solution>
  <Folder Name="/Solution Items/">
    <File Path=".gitattributes" />
    <File Path=".gitignore" />
    <File Path="Directory.Build.props" />
    <File Path="Directory.Packages.props" />
    <File Path="global.json" />
    <File Path="LICENSE" />
    <File Path="NuGet.config" />
    <File Path="README.md" />
  </Folder>
  <Folder Name="/Solution Items/Docs/">
    <File Path="Docs/api-reference.md" />
    <File Path="Docs/docfx-build.md" />
    <File Path="Docs/docfx.json" />
    <File Path="Docs/filterConfig.yml" />
    <File Path="Docs/getting-started.md" />
    <File Path="Docs/index.md" />
    <File Path="Docs/introduction.md" />
    <File Path="Docs/toc.yml" />
  </Folder>
  <Folder Name="/Solution Items/Docs/articles/">
    <File Path="Docs/articles/architecture.md" />
    <File Path="Docs/articles/authentication.md" />
    <File Path="Docs/articles/ci-cd.md" />
    <File Path="Docs/articles/cli-reference.md" />
    <File Path="Docs/articles/examples.md" />
    <File Path="Docs/articles/gql2grpc-cookbook.md" />
    <File Path="Docs/articles/gql2grpc-future-work.md" />
    <File Path="Docs/articles/gql2grpc-mapping.md" />
    <File Path="Docs/articles/toc.yml" />
    <File Path="Docs/articles/troubleshooting.md" />
  </Folder>
  <Folder Name="/Solution Items/Docs/articles/learn-protobuf/">
    <File Path="Docs/articles/learn-protobuf/01-what-is-protobuf.md" />
    <File Path="Docs/articles/learn-protobuf/02-getting-started.md" />
    <File Path="Docs/articles/learn-protobuf/03-scalar-types.md" />
    <File Path="Docs/articles/learn-protobuf/04-enums.md" />
    <File Path="Docs/articles/learn-protobuf/05-nested-messages.md" />
    <File Path="Docs/articles/learn-protobuf/06-collections.md" />
    <File Path="Docs/articles/learn-protobuf/07-oneof-fields.md" />
    <File Path="Docs/articles/learn-protobuf/08-well-known-types.md" />
    <File Path="Docs/articles/learn-protobuf/09-services-and-streaming.md" />
    <File Path="Docs/articles/learn-protobuf/10-default-values-and-json.md" />
    <File Path="Docs/articles/learn-protobuf/11-schema-management.md" />
    <File Path="Docs/articles/learn-protobuf/index.md" />
    <File Path="Docs/articles/learn-protobuf/toc.yml" />
  </Folder>
  <Folder Name="/Solution Items/Scripts/">
    <File Path="Scripts/01-start-server.sh" />
    <File Path="Scripts/02-list-services.sh" />
    <File Path="Scripts/03-list-methods.sh" />
    <File Path="Scripts/04-describe-service.sh" />
    <File Path="Scripts/05-describe-message.sh" />
    <File Path="Scripts/06-describe-with-template.sh" />
    <File Path="Scripts/07-invoke-empty-call.sh" />
    <File Path="Scripts/08-invoke-unary-call.sh" />
    <File Path="Scripts/09-invoke-unary-with-payload.sh" />
    <File Path="Scripts/10-invoke-server-streaming.sh" />
    <File Path="Scripts/11-invoke-client-streaming.sh" />
    <File Path="Scripts/12-invoke-bidirectional-full.sh" />
    <File Path="Scripts/13-invoke-bidirectional-half.sh" />
    <File Path="Scripts/14-verbose-output.sh" />
    <File Path="Scripts/15-emit-defaults.sh" />
    <File Path="Scripts/16-custom-headers.sh" />
    <File Path="Scripts/17-reflect-vs-rpc-headers.sh" />
    <File Path="Scripts/18-using-protoset.sh" />
    <File Path="Scripts/19-export-protoset.sh" />
    <File Path="Scripts/20-timeout-options.sh" />
    <File Path="Scripts/21-message-size-limits.sh" />
    <File Path="Scripts/22-error-handling.sh" />
    <File Path="Scripts/23-allow-unknown-fields.sh" />
    <File Path="Scripts/24-authority-header.sh" />
    <File Path="Scripts/25-user-agent.sh" />
    <File Path="Scripts/26-all-features-demo.sh" />
    <File Path="Scripts/27-concatenated-json.sh" />
    <File Path="Scripts/28-gql-simple-query.sh" />
    <File Path="Scripts/29-gql-mapping-file.sh" />
    <File Path="Scripts/30-gql-subscription.sh" />
    <File Path="Scripts/31-gql-error-envelope.sh" />
    <File Path="Scripts/32-gql-introspection.sh" />
    <File Path="Scripts/README.md" />
  </Folder>
  <Folder Name="/Tests/">
    <Project Path="Tests/GrpCurl.DotNet.Tests.Integration/GrpCurl.Net.Tests.Integration.csproj" Id="858ad827-d773-45b8-8f9f-8ed02cf63789" />
    <Project Path="Tests/GrpCurl.DotNet.Tests.Unit/GrpCurl.Net.Tests.Unit.csproj" Id="f56f1767-d216-4469-9214-03d916284873" />
    <Project Path="Tests/GrpCurl.Net.TestServer/GrpCurl.Net.TestServer.csproj" Id="a1b2c3d4-e5f6-7890-abcd-ef1234567890" />
    <Project Path="Scripts/ValidationRunner/ValidationRunner.csproj" />
    <Project Path="Tests/Gql2Grpc.Tests/Gql2Grpc.Tests.csproj" Id="2e3f4a5b-6c7d-8e9f-a0b1-c2d3e4f5a6b7" />
  </Folder>
  <Project Path="Src/Gql2Grpc/Gql2Grpc.csproj" />
  <Project Path="Src/GrpCurl.Net.Core/GrpCurl.Net.Core.csproj" />
  <Project Path="Src/GrpCurl.Net/GrpCurl.Net.csproj" />
</Solution>
