{
  "version": 2,
  "dependencies": {
    "net10.0": {
      "Avalonia": {
        "type": "Direct",
        "requested": "[11.3.17, )",
        "resolved": "11.3.17",
        "contentHash": "CyInPSdfighRNpso1vZfQLMNsXz1GMe+1EPbxLfnNTmu7F3uB6w/BBmvJGkCUiRyeE/HMB0SKp7DNo5AJXR78A==",
        "dependencies": {
          "Avalonia.BuildServices": "11.3.2",
          "Avalonia.Remote.Protocol": "11.3.17",
          "MicroCom.Runtime": "0.11.0"
        }
      },
      "Avalonia.AvaloniaEdit": {
        "type": "Direct",
        "requested": "[11.3.0, )",
        "resolved": "11.3.0",
        "contentHash": "9M/jJb4DPqQmKtNMZn6+vpqlf+ZGMtK8vEBpPVP3De1xRCu1hv4ZAtoA8hY6bYj2hgv/luete3ixoOsEQ++YJQ==",
        "dependencies": {
          "Avalonia": "11.0.0"
        }
      },
      "Avalonia.Desktop": {
        "type": "Direct",
        "requested": "[11.3.17, )",
        "resolved": "11.3.17",
        "contentHash": "HGTZWYBe4t7Effq5CTEI7I6smoao8D1ymgTgEHgucj8O+vVI72brrNTYb/vDfBojxqzjRUcwMmU53hdf059mkw==",
        "dependencies": {
          "Avalonia": "11.3.17",
          "Avalonia.Native": "11.3.17",
          "Avalonia.Skia": "11.3.17",
          "Avalonia.Win32": "11.3.17",
          "Avalonia.X11": "11.3.17"
        }
      },
      "Avalonia.Diagnostics": {
        "type": "Direct",
        "requested": "[11.3.17, )",
        "resolved": "11.3.17",
        "contentHash": "yzNLiIMVQTVHR/vWx67VvvsKI5o5zuBEO+WtS5aKT+U2/iA5GND3Yy3F8mmkRNLnZjGPwlOWR6la2Y2D58L7pg==",
        "dependencies": {
          "Avalonia": "11.3.17",
          "Avalonia.Controls.ColorPicker": "11.3.17",
          "Avalonia.Themes.Simple": "11.3.17"
        }
      },
      "Avalonia.Fonts.Inter": {
        "type": "Direct",
        "requested": "[11.3.17, )",
        "resolved": "11.3.17",
        "contentHash": "c9wYA8+9QrD3oATxh5DMVLPAZHN5NhNgwGQi0v8iV1qPIMOXIug/23CT8MBXtImj3BsYov8PuSqbpOgjtqxiwQ==",
        "dependencies": {
          "Avalonia": "11.3.17"
        }
      },
      "Avalonia.Themes.Fluent": {
        "type": "Direct",
        "requested": "[11.3.17, )",
        "resolved": "11.3.17",
        "contentHash": "Idqy3y0+T2cwDfEUw4hM+sC29o8jtATiL2bAQKH2hylMIj+HBux+XxUnRbQcRD3nfB/CSyJvWNPqS+QmMmf3Zg==",
        "dependencies": {
          "Avalonia": "11.3.17"
        }
      },
      "AvaloniaEdit.TextMate": {
        "type": "Direct",
        "requested": "[11.3.0, )",
        "resolved": "11.3.0",
        "contentHash": "9yDE7JUGZxWLo5eqhd6FXMHgj4EH2NOQxL030Vja6SBYX5wiLR8Pk67A8DtIabb0tpvEEDPWBBasN70OhjUiwg==",
        "dependencies": {
          "Avalonia": "11.0.0",
          "Avalonia.AvaloniaEdit": "11.3.0",
          "TextMateSharp": "1.0.65",
          "TextMateSharp.Grammars": "1.0.65"
        }
      },
      "CommunityToolkit.Mvvm": {
        "type": "Direct",
        "requested": "[8.4.2, )",
        "resolved": "8.4.2",
        "contentHash": "WadCzGEc2U+3e20avRLng4qNtt4zoOGWrdUISqJWrHe3/FSnrYjuM5Sb4yQb09LhkBXrrI4Zt3dLKgRMbItsrg=="
      },
      "Microsoft.Extensions.Hosting": {
        "type": "Direct",
        "requested": "[10.0.9, )",
        "resolved": "10.0.9",
        "contentHash": "HTgnvmK0ubesUFO16pLC+i9+RS8lEGd6TmDouuy75FsAgIFrSwUVhYCqG2IENzBJwgxGc/6Rsulfsvd9ZG/XkA==",
        "dependencies": {
          "Microsoft.Extensions.Configuration": "10.0.9",
          "Microsoft.Extensions.Configuration.Abstractions": "10.0.9",
          "Microsoft.Extensions.Configuration.Binder": "10.0.9",
          "Microsoft.Extensions.Configuration.CommandLine": "10.0.9",
          "Microsoft.Extensions.Configuration.EnvironmentVariables": "10.0.9",
          "Microsoft.Extensions.Configuration.FileExtensions": "10.0.9",
          "Microsoft.Extensions.Configuration.Json": "10.0.9",
          "Microsoft.Extensions.Configuration.UserSecrets": "10.0.9",
          "Microsoft.Extensions.DependencyInjection": "10.0.9",
          "Microsoft.Extensions.DependencyInjection.Abstractions": "10.0.9",
          "Microsoft.Extensions.Diagnostics": "10.0.9",
          "Microsoft.Extensions.FileProviders.Abstractions": "10.0.9",
          "Microsoft.Extensions.FileProviders.Physical": "10.0.9",
          "Microsoft.Extensions.Hosting.Abstractions": "10.0.9",
          "Microsoft.Extensions.Logging": "10.0.9",
          "Microsoft.Extensions.Logging.Abstractions": "10.0.9",
          "Microsoft.Extensions.Logging.Configuration": "10.0.9",
          "Microsoft.Extensions.Logging.Console": "10.0.9",
          "Microsoft.Extensions.Logging.Debug": "10.0.9",
          "Microsoft.Extensions.Logging.EventLog": "10.0.9",
          "Microsoft.Extensions.Logging.EventSource": "10.0.9",
          "Microsoft.Extensions.Options": "10.0.9"
        }
      },
      "System.Security.Cryptography.ProtectedData": {
        "type": "Direct",
        "requested": "[10.0.0, )",
        "resolved": "10.0.0",
        "contentHash": "qy6C3gQRTrfhFfuiIYU1jNwWfFdJpBVo1BARW7jgMm1zTEm3LRzLLyOLJGaAuKE+nZCGkEP71y4rj9NWjqLGdQ=="
      },
      "TextMateSharp": {
        "type": "Direct",
        "requested": "[1.0.70, )",
        "resolved": "1.0.70",
        "contentHash": "Bxvwx5lgu7TApl9MIEqb742ijRKqk7kD15YbzyVunC8+uZ1mAtswAaFGjNbq/apc1z2/3lpU3cxMovcMbhVJgg==",
        "dependencies": {
          "Onigwrap": "1.0.8"
        }
      },
      "TextMateSharp.Grammars": {
        "type": "Direct",
        "requested": "[1.0.70, )",
        "resolved": "1.0.70",
        "contentHash": "BnvHDxUvxqo0D1/N9wiPtrYR9syJTB1TUR9NP5kmZBpvs4W1I2EI7rfjPIOIPwYtlN8fmqCGw4FmTMuQG4kAzQ==",
        "dependencies": {
          "TextMateSharp": "1.0.70"
        }
      },
      "Avalonia.Angle.Windows.Natives": {
        "type": "Transitive",
        "resolved": "2.1.25547.20250602",
        "contentHash": "ZL0VLc4s9rvNNFt19Pxm5UNAkmKNylugAwJPX9ulXZ6JWs/l6XZihPWWTyezaoNOVyEPU8YbURtW7XMAtqXH5A=="
      },
      "Avalonia.BuildServices": {
        "type": "Transitive",
        "resolved": "11.3.2",
        "contentHash": "qHDToxto1e3hci5YqbG9n0Ty8mlp3zBUN5wT66wKqaDVzXyQ0do3EnRILd4Ke9jpvsktaPpgE0YjEk7hornryQ=="
      },
      "Avalonia.Controls.ColorPicker": {
        "type": "Transitive",
        "resolved": "11.3.17",
        "contentHash": "peRGekWf+tR9h/2hSGHAIIGix7S7G8t2GGVJXOIj/C0JFvp2L6BTu0adrc/rq2wdBkYRJrKDQyHZ9V29GdE8qg==",
        "dependencies": {
          "Avalonia": "11.3.17",
          "Avalonia.Remote.Protocol": "11.3.17"
        }
      },
      "Avalonia.FreeDesktop": {
        "type": "Transitive",
        "resolved": "11.3.17",
        "contentHash": "soVMUGikGjjcECeAC3MLe7+g1DEyJu1a4+5wfzZc/g3fHqSXxJPo1qH/O9R4ZsnijiPaORBjf9WTVOjbDfhR3Q==",
        "dependencies": {
          "Avalonia": "11.3.17",
          "Tmds.DBus.Protocol": "0.21.3"
        }
      },
      "Avalonia.Native": {
        "type": "Transitive",
        "resolved": "11.3.17",
        "contentHash": "SEsOpCOrj27NKqoPFgmMH7MfqfcY0qay2e7xuNkXU1OIpRlI3kXoJFStcw9eCFqYctRIP2eNVJ/eTAT7dZ7XkQ==",
        "dependencies": {
          "Avalonia": "11.3.17"
        }
      },
      "Avalonia.Remote.Protocol": {
        "type": "Transitive",
        "resolved": "11.3.17",
        "contentHash": "w0UZSPj2z1EjVQ7VI1i+8wO1nK+XCMMlweXFv9axHVBhRYgIuy/35sgNxbyuuldt6LGOqg2wFcYZ4jEGwfCC9A=="
      },
      "Avalonia.Skia": {
        "type": "Transitive",
        "resolved": "11.3.17",
        "contentHash": "czEQS0KNRphBKMb+fD2NYKlM1yMw2PzwXBsDDmn5OPLY3i1pZ7njv3+0M9SHrbjJa6mR3ze4ZgCWNGsI07GvHA==",
        "dependencies": {
          "Avalonia": "11.3.17",
          "HarfBuzzSharp": "8.3.1.1",
          "HarfBuzzSharp.NativeAssets.Linux": "8.3.1.1",
          "HarfBuzzSharp.NativeAssets.WebAssembly": "8.3.1.1",
          "SkiaSharp": "2.88.9",
          "SkiaSharp.NativeAssets.Linux": "2.88.9",
          "SkiaSharp.NativeAssets.WebAssembly": "2.88.9"
        }
      },
      "Avalonia.Themes.Simple": {
        "type": "Transitive",
        "resolved": "11.3.17",
        "contentHash": "fAgTz6L+UvqbY7McYMqGFyfRHJK30zxdTI77wagrMuRPBPSVGGq6fpNwk38kA5uU2l6VO5R7TgX5isj/k/g/sA==",
        "dependencies": {
          "Avalonia": "11.3.17"
        }
      },
      "Avalonia.Win32": {
        "type": "Transitive",
        "resolved": "11.3.17",
        "contentHash": "flO+Ncg53eeLhEsDoBFb6g2DQQMISy8NatqK2wGQfzbohOhxuCvpWWPp5F/u3z6erWjV/5b0Nwr68qdRfSvj3A==",
        "dependencies": {
          "Avalonia": "11.3.17",
          "Avalonia.Angle.Windows.Natives": "2.1.25547.20250602"
        }
      },
      "Avalonia.X11": {
        "type": "Transitive",
        "resolved": "11.3.17",
        "contentHash": "Q+9JcoxiOpfZ7gMRR6pDkvcUwrBZx3Y9WLrRRr46Vg4i3ZXj9CkzNaturMqPwIW1UChESJ7GFu5q35DoRh0ypQ==",
        "dependencies": {
          "Avalonia": "11.3.17",
          "Avalonia.FreeDesktop": "11.3.17",
          "Avalonia.Skia": "11.3.17"
        }
      },
      "Grpc.Core.Api": {
        "type": "Transitive",
        "resolved": "2.76.0",
        "contentHash": "cSxC2tdnFdXXuBgIn1pjc4YBx7LXTCp4M0qn+SMBS35VWZY+cEQYLWTBDDhdBH1HzU7BV+ncVZlniGQHMpRJKQ=="
      },
      "Grpc.Net.Common": {
        "type": "Transitive",
        "resolved": "2.76.0",
        "contentHash": "bZpiMVYgvpB44/wBh1RotrkqC7bg2FOasLri2GhR3hMKyzsiTxCoDE49YjPrJeFc4RW0wS8u+EInI09sjxVFRA==",
        "dependencies": {
          "Grpc.Core.Api": "2.76.0"
        }
      },
      "HarfBuzzSharp": {
        "type": "Transitive",
        "resolved": "8.3.1.1",
        "contentHash": "tLZN66oe/uiRPTZfrCU4i8ScVGwqHNh5MHrXj0yVf4l7Mz0FhTGnQ71RGySROTmdognAs0JtluHkL41pIabWuQ==",
        "dependencies": {
          "HarfBuzzSharp.NativeAssets.Win32": "8.3.1.1",
          "HarfBuzzSharp.NativeAssets.macOS": "8.3.1.1"
        }
      },
      "HarfBuzzSharp.NativeAssets.Linux": {
        "type": "Transitive",
        "resolved": "8.3.1.1",
        "contentHash": "3EZ1mpIiKWRLL5hUYA82ZHteeDIVaEA/Z0rA/wU6tjx6crcAkJnBPwDXZugBSfo8+J3EznvRJf49uMsqYfKrHg=="
      },
      "HarfBuzzSharp.NativeAssets.macOS": {
        "type": "Transitive",
        "resolved": "8.3.1.1",
        "contentHash": "jbtCsgftcaFLCA13tVKo5iWdElJScrulLTKJre36O4YQTIlwDtPPqhRZNk+Y0vv4D1gxbscasGRucUDfS44ofQ=="
      },
      "HarfBuzzSharp.NativeAssets.WebAssembly": {
        "type": "Transitive",
        "resolved": "8.3.1.1",
        "contentHash": "loJweK2u/mH/3C2zBa0ggJlITIszOkK64HLAZB7FUT670dTg965whLFYHDQo69NmC4+d9UN0icLC9VHidXaVCA=="
      },
      "HarfBuzzSharp.NativeAssets.Win32": {
        "type": "Transitive",
        "resolved": "8.3.1.1",
        "contentHash": "UsJtQsfAJoFDZrXc4hCUfRPMqccfKZ0iumJ/upcUjz/cmsTgVFGNEL5yaJWmkqsuFYdMWbj/En5/kS4PFl9hBA=="
      },
      "MicroCom.Runtime": {
        "type": "Transitive",
        "resolved": "0.11.0",
        "contentHash": "MEnrZ3UIiH40hjzMDsxrTyi8dtqB5ziv3iBeeU4bXsL/7NLSal9F1lZKpK+tfBRnUoDSdtcW3KufE4yhATOMCA=="
      },
      "Microsoft.Extensions.Configuration": {
        "type": "Transitive",
        "resolved": "10.0.9",
        "contentHash": "woZsWLhOQsASuxbmgiZJqiGUBNo3IjRdXC92xt8rRokza+P6/nIsnzq7sm9Or6ZYcRl2kL1ufj8HVzp1QlPTXw==",
        "dependencies": {
          "Microsoft.Extensions.Configuration.Abstractions": "10.0.9",
          "Microsoft.Extensions.Primitives": "10.0.9"
        }
      },
      "Microsoft.Extensions.Configuration.Abstractions": {
        "type": "Transitive",
        "resolved": "10.0.9",
        "contentHash": "qGhRPd3VxfLV9UqatVOiD9mAeUbj2KiMwGFYC5uXlzExiZQoe4X/hdmzGIU7BQjNLTqCnnbTHVyBglG3668/HA==",
        "dependencies": {
          "Microsoft.Extensions.Primitives": "10.0.9"
        }
      },
      "Microsoft.Extensions.Configuration.Binder": {
        "type": "Transitive",
        "resolved": "10.0.9",
        "contentHash": "Tp/+LPb70RyjjtLg9m5C959eP4KrUpJHThZfAegZVpsfmGvzfuNkuYbI/ft+LvXhMSyUcAeOPaN6rzTccwnZAg==",
        "dependencies": {
          "Microsoft.Extensions.Configuration": "10.0.9",
          "Microsoft.Extensions.Configuration.Abstractions": "10.0.9"
        }
      },
      "Microsoft.Extensions.Configuration.CommandLine": {
        "type": "Transitive",
        "resolved": "10.0.9",
        "contentHash": "8D4HaqxWdm5M/nuhQffjPoR1ekhlpyKTXjFMAT5KlP0dvxkJe5JLAP6MAsuUEUxKWG09Bi5aAUaYMFKrMqWHqA==",
        "dependencies": {
          "Microsoft.Extensions.Configuration": "10.0.9",
          "Microsoft.Extensions.Configuration.Abstractions": "10.0.9"
        }
      },
      "Microsoft.Extensions.Configuration.EnvironmentVariables": {
        "type": "Transitive",
        "resolved": "10.0.9",
        "contentHash": "JhKySWIL8+N4yFt4HPm1rGKCHooze+MBdTdpXc0bd/PGm31TrSUi2m0Nek1y441Wlv/RE6VH0W/DCv2xnmy8FA==",
        "dependencies": {
          "Microsoft.Extensions.Configuration": "10.0.9",
          "Microsoft.Extensions.Configuration.Abstractions": "10.0.9"
        }
      },
      "Microsoft.Extensions.Configuration.FileExtensions": {
        "type": "Transitive",
        "resolved": "10.0.9",
        "contentHash": "NgLB9cYnIb0/djSDcnqo4GIGGWooxGmr/gCUe3/CRXcKqLizOFui8MyW4EVkTB/KNJL+oXdMXnD6ZRm3Y+qkrQ==",
        "dependencies": {
          "Microsoft.Extensions.Configuration": "10.0.9",
          "Microsoft.Extensions.Configuration.Abstractions": "10.0.9",
          "Microsoft.Extensions.FileProviders.Abstractions": "10.0.9",
          "Microsoft.Extensions.FileProviders.Physical": "10.0.9",
          "Microsoft.Extensions.Primitives": "10.0.9"
        }
      },
      "Microsoft.Extensions.Configuration.Json": {
        "type": "Transitive",
        "resolved": "10.0.9",
        "contentHash": "LiFKJgc9jZEW+7RhcSfsvCwoikt1lDdOqOn+whZC5zVHyg/gExftHl2QPtmfiHsEdDNg+Y+BDr6835tOfj8Y7A==",
        "dependencies": {
          "Microsoft.Extensions.Configuration": "10.0.9",
          "Microsoft.Extensions.Configuration.Abstractions": "10.0.9",
          "Microsoft.Extensions.Configuration.FileExtensions": "10.0.9",
          "Microsoft.Extensions.FileProviders.Abstractions": "10.0.9"
        }
      },
      "Microsoft.Extensions.Configuration.UserSecrets": {
        "type": "Transitive",
        "resolved": "10.0.9",
        "contentHash": "ockJRreRW/HbGwoyHzYOxMucFBimvAZ8lKNwQLMHrS6mwkDUaCJMWzzeE+Rm9vgFlv2o/xqk8fm+FpqrDCnkTA==",
        "dependencies": {
          "Microsoft.Extensions.Configuration.Abstractions": "10.0.9",
          "Microsoft.Extensions.Configuration.Json": "10.0.9",
          "Microsoft.Extensions.FileProviders.Abstractions": "10.0.9",
          "Microsoft.Extensions.FileProviders.Physical": "10.0.9"
        }
      },
      "Microsoft.Extensions.DependencyInjection": {
        "type": "Transitive",
        "resolved": "10.0.9",
        "contentHash": "NijozhERJDIaJ4k5TSMy1jOi0cSC2HfkvRD/Sl+kGSSKgVbFnF4GxgtMN/MrzHB8D1JxIrD4xSer9Blh9v3axQ==",
        "dependencies": {
          "Microsoft.Extensions.DependencyInjection.Abstractions": "10.0.9"
        }
      },
      "Microsoft.Extensions.DependencyInjection.Abstractions": {
        "type": "Transitive",
        "resolved": "10.0.9",
        "contentHash": "g41l/30G3K4B/d/L8kjux0+30e27c8D0FVQ/PFCpbekgfDpj9mnDhieP67EqXWvl1EWNeZh2rpR4F5B/jcDOHA=="
      },
      "Microsoft.Extensions.Diagnostics": {
        "type": "Transitive",
        "resolved": "10.0.9",
        "contentHash": "NLXI3PbTe39q6/sgs7JYhmfPf7bMzReUoAJ0q9Po6yhfM+0anZa7PrEva4W2SdiLWGyB9eKZS9THGt2BP40xJg==",
        "dependencies": {
          "Microsoft.Extensions.Configuration": "10.0.9",
          "Microsoft.Extensions.Diagnostics.Abstractions": "10.0.9",
          "Microsoft.Extensions.Options.ConfigurationExtensions": "10.0.9"
        }
      },
      "Microsoft.Extensions.Diagnostics.Abstractions": {
        "type": "Transitive",
        "resolved": "10.0.9",
        "contentHash": "86RgyFsmVslW4Nu28IXgt8tLglynGQrwjk/xhGZaTe8j6YIeR1Ywoc42hSHsBSl920CQdfqq2dBohZiGm3AkUA==",
        "dependencies": {
          "Microsoft.Extensions.DependencyInjection.Abstractions": "10.0.9",
          "Microsoft.Extensions.Options": "10.0.9"
        }
      },
      "Microsoft.Extensions.FileProviders.Abstractions": {
        "type": "Transitive",
        "resolved": "10.0.9",
        "contentHash": "Oxn4vqDk+EwceTMpZxVm7L/UZEAM1qIQlNP1+7tBZckD+P4SKrm/5X4gMTPCTdpnau/xY8Sb4/0d6onomSg4ZA==",
        "dependencies": {
          "Microsoft.Extensions.Primitives": "10.0.9"
        }
      },
      "Microsoft.Extensions.FileProviders.Physical": {
        "type": "Transitive",
        "resolved": "10.0.9",
        "contentHash": "zm8WVod4swgprGrkxkuSILlbXqdDRqF+3y6U0I7jlmj4PMyKN6d8pzXZHUn5lr/gZVULzk/+FeTYlTupt6akpg==",
        "dependencies": {
          "Microsoft.Extensions.FileProviders.Abstractions": "10.0.9",
          "Microsoft.Extensions.FileSystemGlobbing": "10.0.9",
          "Microsoft.Extensions.Primitives": "10.0.9"
        }
      },
      "Microsoft.Extensions.FileSystemGlobbing": {
        "type": "Transitive",
        "resolved": "10.0.9",
        "contentHash": "mvRf9qOH/LslWIee/h+lsElnoUyKotEwoPL31soqScmO/eoxObaTCLCdx2DdqPdRi9LnB+7qKZ49jfyrLZuc+w=="
      },
      "Microsoft.Extensions.Hosting.Abstractions": {
        "type": "Transitive",
        "resolved": "10.0.9",
        "contentHash": "Xd/2F+uWblTiUp+ssaDZN2ea4vmnHmW6PXugmqBHumyhqVkyeh6RJ3S2Zo/F+1bXIL/KuGqe2pKv6UiGOc1KeQ==",
        "dependencies": {
          "Microsoft.Extensions.Configuration.Abstractions": "10.0.9",
          "Microsoft.Extensions.DependencyInjection.Abstractions": "10.0.9",
          "Microsoft.Extensions.Diagnostics.Abstractions": "10.0.9",
          "Microsoft.Extensions.FileProviders.Abstractions": "10.0.9",
          "Microsoft.Extensions.Logging.Abstractions": "10.0.9"
        }
      },
      "Microsoft.Extensions.Logging": {
        "type": "Transitive",
        "resolved": "10.0.9",
        "contentHash": "N7Gm9SjugYjmmnhwbBKC9DFqGqjfJvh6YfOJgtwh0AW0Xpok3dIVors1ik050XmUxKAgAc7nNngDIJyFb06K2g==",
        "dependencies": {
          "Microsoft.Extensions.DependencyInjection": "10.0.9",
          "Microsoft.Extensions.Logging.Abstractions": "10.0.9",
          "Microsoft.Extensions.Options": "10.0.9"
        }
      },
      "Microsoft.Extensions.Logging.Abstractions": {
        "type": "Transitive",
        "resolved": "10.0.9",
        "contentHash": "9S/DFt4cohlMPpzIxjG6kk0L8MuN2vDm9pbMCulxtJzzk82oJHVLBd8vuQxaPskaYQwKqmFmbannf5eoChgjYg==",
        "dependencies": {
          "Microsoft.Extensions.DependencyInjection.Abstractions": "10.0.9"
        }
      },
      "Microsoft.Extensions.Logging.Configuration": {
        "type": "Transitive",
        "resolved": "10.0.9",
        "contentHash": "bUth5ip7YsZMXWZS42IRTI0zDrPEqdE+xnsmcL0Pk784grWKApDvc5UoMi2tP2qYJ5ylFzeVDuDu08sFATq1bg==",
        "dependencies": {
          "Microsoft.Extensions.Configuration": "10.0.9",
          "Microsoft.Extensions.Configuration.Abstractions": "10.0.9",
          "Microsoft.Extensions.Configuration.Binder": "10.0.9",
          "Microsoft.Extensions.DependencyInjection.Abstractions": "10.0.9",
          "Microsoft.Extensions.Logging": "10.0.9",
          "Microsoft.Extensions.Logging.Abstractions": "10.0.9",
          "Microsoft.Extensions.Options": "10.0.9",
          "Microsoft.Extensions.Options.ConfigurationExtensions": "10.0.9"
        }
      },
      "Microsoft.Extensions.Logging.Console": {
        "type": "Transitive",
        "resolved": "10.0.9",
        "contentHash": "WyZEG/O8jKqBOBF6/M6IJqiEyWFBUv6PDyzNoXDA0mBZwKtkuf7GiZ/0/8eU8OpLKKQL0O95oPOY1szrWIKofQ==",
        "dependencies": {
          "Microsoft.Extensions.DependencyInjection.Abstractions": "10.0.9",
          "Microsoft.Extensions.Logging": "10.0.9",
          "Microsoft.Extensions.Logging.Abstractions": "10.0.9",
          "Microsoft.Extensions.Logging.Configuration": "10.0.9",
          "Microsoft.Extensions.Options": "10.0.9"
        }
      },
      "Microsoft.Extensions.Logging.Debug": {
        "type": "Transitive",
        "resolved": "10.0.9",
        "contentHash": "r/A0ahpXmZH/8ltPjrFFWp12BIizK9cCVJXPcHyOad8e4eIX7P/geW+uBYdczkeCAaMebT4jEU7snOm4GnmKfA==",
        "dependencies": {
          "Microsoft.Extensions.DependencyInjection.Abstractions": "10.0.9",
          "Microsoft.Extensions.Logging": "10.0.9",
          "Microsoft.Extensions.Logging.Abstractions": "10.0.9"
        }
      },
      "Microsoft.Extensions.Logging.EventLog": {
        "type": "Transitive",
        "resolved": "10.0.9",
        "contentHash": "goAl30/WwmdnWDPRwATaDPIK0iuDBnQSMTH2XYGVB1SwReg7hglhvDNjjpNhT25US3GF4I5q6BhTNs6nFYzEfg==",
        "dependencies": {
          "Microsoft.Extensions.DependencyInjection.Abstractions": "10.0.9",
          "Microsoft.Extensions.Logging": "10.0.9",
          "Microsoft.Extensions.Logging.Abstractions": "10.0.9",
          "Microsoft.Extensions.Options": "10.0.9",
          "System.Diagnostics.EventLog": "10.0.9"
        }
      },
      "Microsoft.Extensions.Logging.EventSource": {
        "type": "Transitive",
        "resolved": "10.0.9",
        "contentHash": "tHynPVHbTicuaDpS2JVTxX0qA5VTg15CXgVKTwWvvudb5BvW5aVew8MMyek6LrDGAom7UbON1jf1T5GhpTilFA==",
        "dependencies": {
          "Microsoft.Extensions.DependencyInjection.Abstractions": "10.0.9",
          "Microsoft.Extensions.Logging": "10.0.9",
          "Microsoft.Extensions.Logging.Abstractions": "10.0.9",
          "Microsoft.Extensions.Options": "10.0.9",
          "Microsoft.Extensions.Primitives": "10.0.9"
        }
      },
      "Microsoft.Extensions.Options": {
        "type": "Transitive",
        "resolved": "10.0.9",
        "contentHash": "hyNdX4c2UwkRkzb9byw0H2DQkRzwBM3mzY2sCM9egwzTyg8dvQJmp5noQHGEaaCORQrNK3DD2gREBsc2DlXS4A==",
        "dependencies": {
          "Microsoft.Extensions.DependencyInjection.Abstractions": "10.0.9",
          "Microsoft.Extensions.Primitives": "10.0.9"
        }
      },
      "Microsoft.Extensions.Options.ConfigurationExtensions": {
        "type": "Transitive",
        "resolved": "10.0.9",
        "contentHash": "Y4E24zffF/aPS0igNvY6ZzAQfbxd6AYdC9L4brnH+uK0yYYHIR6FeGVQVVjAOo8wub1EQDl2B90lCcpqoTF7Yw==",
        "dependencies": {
          "Microsoft.Extensions.Configuration.Abstractions": "10.0.9",
          "Microsoft.Extensions.Configuration.Binder": "10.0.9",
          "Microsoft.Extensions.DependencyInjection.Abstractions": "10.0.9",
          "Microsoft.Extensions.Options": "10.0.9",
          "Microsoft.Extensions.Primitives": "10.0.9"
        }
      },
      "Microsoft.Extensions.Primitives": {
        "type": "Transitive",
        "resolved": "10.0.9",
        "contentHash": "fmEbAUFsaIKirgLt/lYhuFRBwhcSJN31jjHgCdbQxJiWOum6EdLjkbgGuukSP9z/a+9LibaxII/kF+GwOXgC4g=="
      },
      "Onigwrap": {
        "type": "Transitive",
        "resolved": "1.0.8",
        "contentHash": "PElH31TECN5e25yLS0NTvA0nkbgyuw2OKWY8DOWmbNnEU5O94UrcU33lQQUr0SVp8I0plpH93TY0yGduQsDizQ=="
      },
      "SkiaSharp": {
        "type": "Transitive",
        "resolved": "2.88.9",
        "contentHash": "3MD5VHjXXieSHCleRLuaTXmL2pD0mB7CcOB1x2kA1I4bhptf4e3R27iM93264ZYuAq6mkUyX5XbcxnZvMJYc1Q==",
        "dependencies": {
          "SkiaSharp.NativeAssets.Win32": "2.88.9",
          "SkiaSharp.NativeAssets.macOS": "2.88.9"
        }
      },
      "SkiaSharp.NativeAssets.Linux": {
        "type": "Transitive",
        "resolved": "2.88.9",
        "contentHash": "cWSaJKVPWAaT/WIn9c8T5uT/l4ETwHxNJTkEOtNKjphNo8AW6TF9O32aRkxqw3l8GUdUo66Bu7EiqtFh/XG0Zg==",
        "dependencies": {
          "SkiaSharp": "2.88.9"
        }
      },
      "SkiaSharp.NativeAssets.macOS": {
        "type": "Transitive",
        "resolved": "2.88.9",
        "contentHash": "Nv5spmKc4505Ep7oUoJ5vp3KweFpeNqxpyGDWyeEPTX2uR6S6syXIm3gj75dM0YJz7NPvcix48mR5laqs8dPuA=="
      },
      "SkiaSharp.NativeAssets.WebAssembly": {
        "type": "Transitive",
        "resolved": "2.88.9",
        "contentHash": "kt06RccBHSnAs2wDYdBSfsjIDbY3EpsOVqnlDgKdgvyuRA8ZFDaHRdWNx1VHjGgYzmnFCGiTJBnXFl5BqGwGnA=="
      },
      "SkiaSharp.NativeAssets.Win32": {
        "type": "Transitive",
        "resolved": "2.88.9",
        "contentHash": "wb2kYgU7iy84nQLYZwMeJXixvK++GoIuECjU4ECaUKNuflyRlJKyiRhN1MAHswvlvzuvkrjRWlK0Za6+kYQK7w=="
      },
      "Spectre.Console.Ansi": {
        "type": "Transitive",
        "resolved": "0.55.2",
        "contentHash": "tN3KEJQQZwLW9HJnG5YTSAxfBwxsmg1wVuGvhGG2rM+pbl+NGaHU8pDcNofPlOXlgpkbpBMxI5t9o9qPfy3sHQ=="
      },
      "System.Diagnostics.EventLog": {
        "type": "Transitive",
        "resolved": "10.0.9",
        "contentHash": "s2PcxHK4IYQ6gmD3VSBkym9tWGkFisKjcjWBdl7a+n4Yy66ae4beJ1ZdjDp060SSll4W3Rt4H2LW87dWckv+QQ=="
      },
      "Tmds.DBus.Protocol": {
        "type": "Transitive",
        "resolved": "0.21.3",
        "contentHash": "hDwB8WsQoyALQKqIbwzS68UKdlnafDm4T/DkO/JrA/YIneP/rKv96SxYPVXeh3FP4i/SXfShrYftKLtciJAIlw=="
      },
      "grpcurl.net.core": {
        "type": "Project",
        "dependencies": {
          "Google.Api.CommonProtos": "[2.16.0, )",
          "Google.Protobuf": "[3.34.1, )",
          "Grpc.Net.Client": "[2.76.0, )",
          "Spectre.Console": "[0.55.2, )"
        }
      },
      "grpcurl.net.studio.viewmodels": {
        "type": "Project",
        "dependencies": {
          "CommunityToolkit.Mvvm": "[8.4.2, )",
          "GrpCurl.Net.Core": "[1.0.0, )"
        }
      },
      "Google.Api.CommonProtos": {
        "type": "CentralTransitive",
        "requested": "[2.16.0, )",
        "resolved": "2.16.0",
        "contentHash": "37MuZrE9AAqHAdYgFLoTHydAiXDRriQZGVKEg6fr6ASnrY5GtauYXnQrGk5x2K3NmYzEXe+wkpaPVmxjb3NKjg==",
        "dependencies": {
          "Google.Protobuf": "[3.28.2, 4.0.0)"
        }
      },
      "Google.Protobuf": {
        "type": "CentralTransitive",
        "requested": "[3.34.1, )",
        "resolved": "3.34.1",
        "contentHash": "212vdYxRuVopGE5bess6Jg5oXWyizA6hcLPTI7G+qA4PthQEvfeof3njT+7VSY5v/+O0P22xTydiP5fSJJpGEA=="
      },
      "Grpc.Net.Client": {
        "type": "CentralTransitive",
        "requested": "[2.76.0, )",
        "resolved": "2.76.0",
        "contentHash": "K1oldmqw2+Gn69nGRzZLhqSiUZwelX1GrBu/cUl9wNf1C0uB61vFS6JcxUUv9P8VoUJhFsmV44JA6lI2EUt4xw==",
        "dependencies": {
          "Grpc.Net.Common": "2.76.0",
          "Microsoft.Extensions.Logging.Abstractions": "8.0.0"
        }
      },
      "Spectre.Console": {
        "type": "CentralTransitive",
        "requested": "[0.55.2, )",
        "resolved": "0.55.2",
        "contentHash": "yc0g12YJpmZHofGJLTQX02/uqfzJ6XHRx6pe9rANNjleQptXMHPxD9KI2/DWkXiJWddc+4oizEdGox15c89hhw==",
        "dependencies": {
          "Spectre.Console.Ansi": "0.55.2"
        }
      }
    }
  }
}